{
  "name": "practice 1(2)",
  "lockfileVersion": 2,
  "requires": true,
  "packages": {
    "": {
      "dependencies": {
        "3": "^2.1.0",
        "boostrap": "^2.0.0",
        "jquery": "^1.11.2"
      }
    },
    "node_modules/2": {
      "version": "1.0.2",
      "resolved": "https://registry.npmjs.org/2/-/2-1.0.2.tgz",
      "integrity": "sha512-G0Eca6Fz2qJKvjM9/niouz5kWTZy7pm+LRAMXir5v+DOt4bMszVlfIYKy2T+TPKnGxpp236pzK7/chNuToWlnQ==",
      "engines": {
        "node": ">=7.0.0"
      }
    },
    "node_modules/3": {
      "version": "2.1.0",
      "resolved": "https://registry.npmjs.org/3/-/3-2.1.0.tgz",
      "integrity": "sha512-rEoeK/qBZCLzqt9a3Q3Dnb5TUyXnZlxVaWr9ZXBV65Ppzcz59dx3Ik5YUxtni+36CtZgJdhQaYkLgHBdqjxjoA==",
      "dependencies": {
        "2": "^1.0.2",
        "chunk-array": "^1.0.2",
        "enforce-range": "^1.0.0"
      },
      "engines": {
        "node": ">=7.0.0"
      }
    },
    "node_modules/boostrap": {
      "version": "2.0.0",
      "resolved": "https://registry.npmjs.org/boostrap/-/boostrap-2.0.0.tgz",
      "integrity": "sha512-JEeFMOweKeGXEM9rt95eaVISOkluG9aKcl0jQCETOVH9jynCZxuBZe2oWgcWJpj5wqYWZl625SnW7OgHT2Ineg==",
      "deprecated": "Package no longer supported. Contact support@npmjs.com for more info."
    },
    "node_modules/chunk-array": {
      "version": "1.0.2",
      "resolved": "https://registry.npmjs.org/chunk-array/-/chunk-array-1.0.2.tgz",
      "integrity": "sha512-NdHMmQ59t0VOwG+md2fYfLbmeaN1ZeX+4rEKgOj2vqgJsuXyTvSgYLZ9jEU8xwmB4nm6DeuuAkU/Y67LpGlvHQ=="
    },
    "node_modules/enforce-range": {
      "version": "1.0.0",
      "resolved": "https://registry.npmjs.org/enforce-range/-/enforce-range-1.0.0.tgz",
      "integrity": "sha512-iOYthPljA5P/S823In8avtTbeUl8/uTP1+pqy08ryb8jeMO2enuIO/f72QFFqT4GTNiOe0yWPIzXB9nR3u6O5A==",
      "dependencies": {
        "2": "^1.0.2"
      }
    },
    "node_modules/jquery": {
      "version": "1.11.2",
      "resolved": "https://registry.npmjs.org/jquery/-/jquery-1.11.2.tgz",
      "integrity": "sha512-jebe4XYv2S9CZ6RPj705j6yriQHm05BOJa9urxeji7Rq1fxBOwdjYTqJsLOAE9vNwDGIOsa/WmIQv6Q1glOyWg=="
    }
  },
  "dependencies": {
    "2": {
      "version": "1.0.2",
      "resolved": "https://registry.npmjs.org/2/-/2-1.0.2.tgz",
      "integrity": "sha512-G0Eca6Fz2qJKvjM9/niouz5kWTZy7pm+LRAMXir5v+DOt4bMszVlfIYKy2T+TPKnGxpp236pzK7/chNuToWlnQ=="
    },
    "3": {
      "version": "2.1.0",
      "resolved": "https://registry.npmjs.org/3/-/3-2.1.0.tgz",
      "integrity": "sha512-rEoeK/qBZCLzqt9a3Q3Dnb5TUyXnZlxVaWr9ZXBV65Ppzcz59dx3Ik5YUxtni+36CtZgJdhQaYkLgHBdqjxjoA==",
      "requires": {
        "2": "^1.0.2",
        "chunk-array": "^1.0.2",
        "enforce-range": "^1.0.0"
      }
    },
    "boostrap": {
      "version": "2.0.0",
      "resolved": "https://registry.npmjs.org/boostrap/-/boostrap-2.0.0.tgz",
      "integrity": "sha512-JEeFMOweKeGXEM9rt95eaVISOkluG9aKcl0jQCETOVH9jynCZxuBZe2oWgcWJpj5wqYWZl625SnW7OgHT2Ineg=="
    },
    "chunk-array": {
      "version": "1.0.2",
      "resolved": "https://registry.npmjs.org/chunk-array/-/chunk-array-1.0.2.tgz",
      "integrity": "sha512-NdHMmQ59t0VOwG+md2fYfLbmeaN1ZeX+4rEKgOj2vqgJsuXyTvSgYLZ9jEU8xwmB4nm6DeuuAkU/Y67LpGlvHQ=="
    },
    "enforce-range": {
      "version": "1.0.0",
      "resolved": "https://registry.npmjs.org/enforce-range/-/enforce-range-1.0.0.tgz",
      "integrity": "sha512-iOYthPljA5P/S823In8avtTbeUl8/uTP1+pqy08ryb8jeMO2enuIO/f72QFFqT4GTNiOe0yWPIzXB9nR3u6O5A==",
      "requires": {
        "2": "^1.0.2"
      }
    },
    "jquery": {
      "version": "1.11.2",
      "resolved": "https://registry.npmjs.org/jquery/-/jquery-1.11.2.tgz",
      "integrity": "sha512-jebe4XYv2S9CZ6RPj705j6yriQHm05BOJa9urxeji7Rq1fxBOwdjYTqJsLOAE9vNwDGIOsa/WmIQv6Q1glOyWg=="
    }
  }
}
