{
  "name": "2",
  "lockfileVersion": 2,
  "requires": true,
  "packages": {
    "": {
      "dependencies": {
        "jquery": "^1.11.2"
      }
    },
    "node_modules/jquery": {
      "version": "1.11.2",
      "resolved": "https://registry.npmjs.org/jquery/-/jquery-1.11.2.tgz",
      "integrity": "sha512-jebe4XYv2S9CZ6RPj705j6yriQHm05BOJa9urxeji7Rq1fxBOwdjYTqJsLOAE9vNwDGIOsa/WmIQv6Q1glOyWg=="
    }
  },
  "dependencies": {
    "jquery": {
      "version": "1.11.2",
      "resolved": "https://registry.npmjs.org/jquery/-/jquery-1.11.2.tgz",
      "integrity": "sha512-jebe4XYv2S9CZ6RPj705j6yriQHm05BOJa9urxeji7Rq1fxBOwdjYTqJsLOAE9vNwDGIOsa/WmIQv6Q1glOyWg=="
    }
  }
}
